{
  "version": 1,
  "dependencies": {
    "net6.0": {
      "Discord.Net": {
        "type": "Direct",
        "requested": "[3.2.0, )",
        "resolved": "3.2.0",
        "contentHash": "V2mt6Rjhr3p0TcJmzKT0kIVNHHIjlDN3fUxk+czxt4c5pUyoQrA1qP2jfq+DcHvq92q/rOzE7q36SqqoUmi4ew==",
        "dependencies": {
          "Discord.Net.Commands": "3.2.0",
          "Discord.Net.Core": "3.2.0",
          "Discord.Net.Interactions": "3.2.0",
          "Discord.Net.Rest": "3.2.0",
          "Discord.Net.WebSocket": "3.2.0",
          "Discord.Net.Webhook": "3.2.0"
        }
      },
      "Discord.Net.Commands": {
        "type": "Transitive",
        "resolved": "3.2.0",
        "contentHash": "z1gtfyKrH+pMQI83t6oP8vyENQRdZ67ReiXImQLvuZu0LRBMeyc3xS4f+rGEsgIJAQ9CZDJQXBRwP78bfQgBdg==",
        "dependencies": {
          "Discord.Net.Core": "3.2.0"
        }
      },
      "Discord.Net.Core": {
        "type": "Transitive",
        "resolved": "3.2.0",
        "contentHash": "a6/kYV15pGHK4LF1bk7Lq/zuNsOxdsUHjEt9mF1lvdHP1WkRq9uzbN+y3rJdmPdzuVgdaSHOirfCyzDPsd7pPg==",
        "dependencies": {
          "Newtonsoft.Json": "13.0.1",
          "System.Collections.Immutable": "5.0.0",
          "System.Interactive.Async": "5.0.0",
          "System.ValueTuple": "4.5.0"
        }
      },
      "Discord.Net.Interactions": {
        "type": "Transitive",
        "resolved": "3.2.0",
        "contentHash": "l56ExCdNmEnRY3cnW+ZOcVErBTM0ZPK1GDnhTeJPS3j6BW90dQ3jyoDsch7fE9feP/TX82t3XHKrwIA1b+aJHg==",
        "dependencies": {
          "Discord.Net.Core": "3.2.0",
          "Discord.Net.Rest": "3.2.0",
          "Discord.Net.WebSocket": "3.2.0",
          "Microsoft.Extensions.DependencyInjection.Abstractions": "5.0.0",
          "System.Collections.Immutable": "5.0.0",
          "System.Reactive": "5.0.0"
        }
      },
      "Discord.Net.Rest": {
        "type": "Transitive",
        "resolved": "3.2.0",
        "contentHash": "U7Ycgsni4WJax0SrGxFHkg3mCsy0Q3ZfxEAiepKHPeV4f+OH8Qu8RJamxwfZf1dbA/7BCeQhv3GhfAgqIeKuiw==",
        "dependencies": {
          "Discord.Net.Core": "3.2.0"
        }
      },
      "Discord.Net.Webhook": {
        "type": "Transitive",
        "resolved": "3.2.0",
        "contentHash": "RyZi5NwaAgwM25If3KuMsVthD33USoCk+Bb+UzW74AP4sgE/9mtbTfW75clVfl4q11lfKEYWK8ex0FDKpEfjpw==",
        "dependencies": {
          "Discord.Net.Core": "3.2.0",
          "Discord.Net.Rest": "3.2.0"
        }
      },
      "Discord.Net.WebSocket": {
        "type": "Transitive",
        "resolved": "3.2.0",
        "contentHash": "TSL4v6tGRGg9zg/YgwWm/IZs+v88922clMh1leZU8ByH94R4C9IsAosJcEF7ixoM27uJ0lBQgIHKTRqTuA5nlA==",
        "dependencies": {
          "Discord.Net.Core": "3.2.0",
          "Discord.Net.Rest": "3.2.0"
        }
      },
      "Microsoft.Extensions.DependencyInjection.Abstractions": {
        "type": "Transitive",
        "resolved": "5.0.0",
        "contentHash": "ORj7Zh81gC69TyvmcUm9tSzytcy8AVousi+IVRAI8nLieQjOFryRusSFh7+aLk16FN9pQNqJAiMd7BTKINK0kA=="
      },
      "Newtonsoft.Json": {
        "type": "Transitive",
        "resolved": "13.0.1",
        "contentHash": "ppPFpBcvxdsfUonNcvITKqLl3bqxWbDCZIzDWHzjpdAHRFfZe0Dw9HmA0+za13IdyrgJwpkDTDA9fHaxOrt20A=="
      },
      "System.Collections.Immutable": {
        "type": "Transitive",
        "resolved": "5.0.0",
        "contentHash": "FXkLXiK0sVVewcso0imKQoOxjoPAj42R8HtjjbSjVPAzwDfzoyoznWxgA3c38LDbN9SJux1xXoXYAhz98j7r2g=="
      },
      "System.Interactive.Async": {
        "type": "Transitive",
        "resolved": "5.0.0",
        "contentHash": "QaqhQVDiULcu4vm6o89+iP329HcK44cETHOYgy/jfEjtzeFy0ZxmuM7nel9ocjnKxEM4yh1mli7hgh8Q9o+/Iw==",
        "dependencies": {
          "System.Linq.Async": "5.0.0"
        }
      },
      "System.Linq.Async": {
        "type": "Transitive",
        "resolved": "5.0.0",
        "contentHash": "cPtIuuH8TIjVHSi2ewwReWGW1PfChPE0LxPIDlfwVcLuTM9GANFTXiMB7k3aC4sk3f0cQU25LNKzx+jZMxijqw=="
      },
      "System.Reactive": {
        "type": "Transitive",
        "resolved": "5.0.0",
        "contentHash": "erBZjkQHWL9jpasCE/0qKAryzVBJFxGHVBAvgRN1bzM0q2s1S4oYREEEL0Vb+1kA/6BKb5FjUZMp5VXmy+gzkQ=="
      },
      "System.ValueTuple": {
        "type": "Transitive",
        "resolved": "4.5.0",
        "contentHash": "okurQJO6NRE/apDIP23ajJ0hpiNmJ+f0BwOlB/cSqTLQlw5upkf+5+96+iG2Jw40G1fCVCyPz/FhIABUjMR+RQ=="
      }
    }
  }
}